
Microsoft Visual Studio Solution File, Format Version 12.00
# Visual Studio Version 16
VisualStudioVersion = 16.0.30406.217
MinimumVisualStudioVersion = 10.0.40219.1
Project("{FAE04EC0-301F-11D3-BF4B-00C04F79EFBC}") = "StoreApp", "StoreApp\StoreApp.csproj", "{3F8E034C-6655-4291-A33E-90D74DF35641}"
EndProject
Global
	GlobalSection(SolutionConfigurationPlatforms) = preSolution
		Debug|Any CPU = Debug|Any CPU
		Release|Any CPU = Release|Any CPU
	EndGlobalSection
	GlobalSection(ProjectConfigurationPlatforms) = postSolution
		{3F8E034C-6655-4291-A33E-90D74DF35641}.Debug|Any CPU.ActiveCfg = Debug|Any CPU
		{3F8E034C-6655-4291-A33E-90D74DF35641}.Debug|Any CPU.Build.0 = Debug|Any CPU
		{3F8E034C-6655-4291-A33E-90D74DF35641}.Release|Any CPU.ActiveCfg = Release|Any CPU
		{3F8E034C-6655-4291-A33E-90D74DF35641}.Release|Any CPU.Build.0 = Release|Any CPU
	EndGlobalSection
	GlobalSection(SolutionProperties) = preSolution
		HideSolutionNode = FALSE
	EndGlobalSection
	GlobalSection(ExtensibilityGlobals) = postSolution
		SolutionGuid = {2CE32058-42BF-4AAD-947E-FE1D8931738E}
	EndGlobalSection
EndGlobal
