
Microsoft Visual Studio Solution File, Format Version 12.00
# Visual Studio Version 16
VisualStudioVersion = 16.0.30406.217
MinimumVisualStudioVersion = 10.0.40219.1
Project("{FAE04EC0-301F-11D3-BF4B-00C04F79EFBC}") = "TipApp", "TipApp\TipApp.csproj", "{72F03549-E6A3-4DCA-A3CA-8EE0E7D05BAA}"
EndProject
Global
	GlobalSection(SolutionConfigurationPlatforms) = preSolution
		Debug|Any CPU = Debug|Any CPU
		Release|Any CPU = Release|Any CPU
	EndGlobalSection
	GlobalSection(ProjectConfigurationPlatforms) = postSolution
		{72F03549-E6A3-4DCA-A3CA-8EE0E7D05BAA}.Debug|Any CPU.ActiveCfg = Debug|Any CPU
		{72F03549-E6A3-4DCA-A3CA-8EE0E7D05BAA}.Debug|Any CPU.Build.0 = Debug|Any CPU
		{72F03549-E6A3-4DCA-A3CA-8EE0E7D05BAA}.Release|Any CPU.ActiveCfg = Release|Any CPU
		{72F03549-E6A3-4DCA-A3CA-8EE0E7D05BAA}.Release|Any CPU.Build.0 = Release|Any CPU
	EndGlobalSection
	GlobalSection(SolutionProperties) = preSolution
		HideSolutionNode = FALSE
	EndGlobalSection
	GlobalSection(ExtensibilityGlobals) = postSolution
		SolutionGuid = {F3BF2608-9815-465C-8A0C-2C3B3C99EF6A}
	EndGlobalSection
EndGlobal
